// !$*UTF8*$!
{
	archiveVersion = 1;
	classes = {
	};
	objectVersion = 77;
	objects = {

/* Begin PBXBuildFile section */
		6109CC8A2FEC8850009AEF65 /* Assets.xcassets in Resources */ = {isa = PBXBuildFile; fileRef = 6109CC842FEC8850009AEF65 /* Assets.xcassets */; };
		6109CC8B2FEC8850009AEF65 /* EmojiArt.swift in Sources */ = {isa = PBXBuildFile; fileRef = 6109CC852FEC8850009AEF65 /* EmojiArt.swift */; };
		6109CC8C2FEC8850009AEF65 /* EmojiArtApp.swift in Sources */ = {isa = PBXBuildFile; fileRef = 6109CC862FEC8850009AEF65 /* EmojiArtApp.swift */; };
		6109CC8D2FEC8850009AEF65 /* EmojiArtDocument.swift in Sources */ = {isa = PBXBuildFile; fileRef = 6109CC872FEC8850009AEF65 /* EmojiArtDocument.swift */; };
		6109CC8E2FEC8850009AEF65 /* EmojiArtDocumentView.swift in Sources */ = {isa = PBXBuildFile; fileRef = 6109CC882FEC8850009AEF65 /* EmojiArtDocumentView.swift */; };
		6109CC902FEC8D1A009AEF65 /* EmojiArtExtentions.swift in Sources */ = {isa = PBXBuildFile; fileRef = 6109CC8F2FEC8D1A009AEF65 /* EmojiArtExtentions.swift */; };
		6109CC922FF089FE009AEF65 /* OptionalImage.swift in Sources */ = {isa = PBXBuildFile; fileRef = 6109CC912FF089FE009AEF65 /* OptionalImage.swift */; };
		610C9C982FF46171006E5A51 /* Grid.swift in Sources */ = {isa = PBXBuildFile; fileRef = 610C9C962FF46171006E5A51 /* Grid.swift */; };
		610C9C992FF46171006E5A51 /* GridLayout.swift in Sources */ = {isa = PBXBuildFile; fileRef = 610C9C972FF46171006E5A51 /* GridLayout.swift */; };
		610C9C9B2FF47894006E5A51 /* EmojiArtDocumentStore.swift in Sources */ = {isa = PBXBuildFile; fileRef = 610C9C9A2FF47894006E5A51 /* EmojiArtDocumentStore.swift */; };
		610C9C9D2FF478C8006E5A51 /* EditableText.swift in Sources */ = {isa = PBXBuildFile; fileRef = 610C9C9C2FF478C8006E5A51 /* EditableText.swift */; };
		610C9C9F2FF47F67006E5A51 /* EmojiArtDocumentChooser.swift in Sources */ = {isa = PBXBuildFile; fileRef = 610C9C9E2FF47F67006E5A51 /* EmojiArtDocumentChooser.swift */; };
		614FDAB52FF0991D0017204D /* AnimatableSystemFontModifier.swift in Sources */ = {isa = PBXBuildFile; fileRef = 614FDAB42FF0991D0017204D /* AnimatableSystemFontModifier.swift */; };
		614FDAB72FF0B68F0017204D /* Spinning.swift in Sources */ = {isa = PBXBuildFile; fileRef = 614FDAB62FF0B68F0017204D /* Spinning.swift */; };
		614FDAB92FF0CE3A0017204D /* PaletteChooser.swift in Sources */ = {isa = PBXBuildFile; fileRef = 614FDAB82FF0CE3A0017204D /* PaletteChooser.swift */; };
		614FDABB2FF0D23E0017204D /* EmojiArtDocumentPalette.swift in Sources */ = {isa = PBXBuildFile; fileRef = 614FDABA2FF0D23E0017204D /* EmojiArtDocumentPalette.swift */; };
/* End PBXBuildFile section */

/* Begin PBXFileReference section */
		6109CC5A2FEB35EC009AEF65 /* EmojiArt.app */ = {isa = PBXFileReference; explicitFileType = wrapper.application; includeInIndex = 0; path = EmojiArt.app; sourceTree = BUILT_PRODUCTS_DIR; };
		6109CC842FEC8850009AEF65 /* Assets.xcassets */ = {isa = PBXFileReference; lastKnownFileType = folder.assetcatalog; path = Assets.xcassets; sourceTree = "<group>"; };
		6109CC852FEC8850009AEF65 /* EmojiArt.swift */ = {isa = PBXFileReference; lastKnownFileType = sourcecode.swift; path = EmojiArt.swift; sourceTree = "<group>"; };
		6109CC862FEC8850009AEF65 /* EmojiArtApp.swift */ = {isa = PBXFileReference; lastKnownFileType = sourcecode.swift; path = EmojiArtApp.swift; sourceTree = "<group>"; };
		6109CC872FEC8850009AEF65 /* EmojiArtDocument.swift */ = {isa = PBXFileReference; lastKnownFileType = sourcecode.swift; path = EmojiArtDocument.swift; sourceTree = "<group>"; };
		6109CC882FEC8850009AEF65 /* EmojiArtDocumentView.swift */ = {isa = PBXFileReference; lastKnownFileType = sourcecode.swift; path = EmojiArtDocumentView.swift; sourceTree = "<group>"; tabWidth = 6; };
		6109CC8F2FEC8D1A009AEF65 /* EmojiArtExtentions.swift */ = {isa = PBXFileReference; lastKnownFileType = sourcecode.swift; path = EmojiArtExtentions.swift; sourceTree = "<group>"; };
		6109CC912FF089FE009AEF65 /* OptionalImage.swift */ = {isa = PBXFileReference; lastKnownFileType = sourcecode.swift; path = OptionalImage.swift; sourceTree = "<group>"; };
		610C9C962FF46171006E5A51 /* Grid.swift */ = {isa = PBXFileReference; lastKnownFileType = sourcecode.swift; path = Grid.swift; sourceTree = "<group>"; };
		610C9C972FF46171006E5A51 /* GridLayout.swift */ = {isa = PBXFileReference; lastKnownFileType = sourcecode.swift; path = GridLayout.swift; sourceTree = "<group>"; };
		610C9C9A2FF47894006E5A51 /* EmojiArtDocumentStore.swift */ = {isa = PBXFileReference; lastKnownFileType = sourcecode.swift; path = EmojiArtDocumentStore.swift; sourceTree = "<group>"; };
		610C9C9C2FF478C8006E5A51 /* EditableText.swift */ = {isa = PBXFileReference; lastKnownFileType = sourcecode.swift; path = EditableText.swift; sourceTree = "<group>"; };
		610C9C9E2FF47F67006E5A51 /* EmojiArtDocumentChooser.swift */ = {isa = PBXFileReference; lastKnownFileType = sourcecode.swift; path = EmojiArtDocumentChooser.swift; sourceTree = "<group>"; };
		614FDAB42FF0991D0017204D /* AnimatableSystemFontModifier.swift */ = {isa = PBXFileReference; lastKnownFileType = sourcecode.swift; path = AnimatableSystemFontModifier.swift; sourceTree = "<group>"; };
		614FDAB62FF0B68F0017204D /* Spinning.swift */ = {isa = PBXFileReference; lastKnownFileType = sourcecode.swift; path = Spinning.swift; sourceTree = "<group>"; };
		614FDAB82FF0CE3A0017204D /* PaletteChooser.swift */ = {isa = PBXFileReference; lastKnownFileType = sourcecode.swift; path = PaletteChooser.swift; sourceTree = "<group>"; };
		614FDABA2FF0D23E0017204D /* EmojiArtDocumentPalette.swift */ = {isa = PBXFileReference; lastKnownFileType = sourcecode.swift; path = EmojiArtDocumentPalette.swift; sourceTree = "<group>"; };
/* End PBXFileReference section */

/* Begin PBXFrameworksBuildPhase section */
		6109CC572FEB35EC009AEF65 /* Frameworks */ = {
			isa = PBXFrameworksBuildPhase;
			buildActionMask = 2147483647;
			files = (
			);
			runOnlyForDeploymentPostprocessing = 0;
		};
/* End PBXFrameworksBuildPhase section */

/* Begin PBXGroup section */
		6109CC512FEB35EC009AEF65 = {
			isa = PBXGroup;
			children = (
				6109CC892FEC8850009AEF65 /* EmojiArt */,
				6109CC5B2FEB35EC009AEF65 /* Products */,
			);
			sourceTree = "<group>";
		};
		6109CC5B2FEB35EC009AEF65 /* Products */ = {
			isa = PBXGroup;
			children = (
				6109CC5A2FEB35EC009AEF65 /* EmojiArt.app */,
			);
			name = Products;
			sourceTree = "<group>";
		};
		6109CC892FEC8850009AEF65 /* EmojiArt */ = {
			isa = PBXGroup;
			children = (
				6109CC842FEC8850009AEF65 /* Assets.xcassets */,
				6109CC852FEC8850009AEF65 /* EmojiArt.swift */,
				6109CC872FEC8850009AEF65 /* EmojiArtDocument.swift */,
				610C9C9E2FF47F67006E5A51 /* EmojiArtDocumentChooser.swift */,
				614FDAB82FF0CE3A0017204D /* PaletteChooser.swift */,
				6109CC882FEC8850009AEF65 /* EmojiArtDocumentView.swift */,
				610C9C9A2FF47894006E5A51 /* EmojiArtDocumentStore.swift */,
				614FDAB62FF0B68F0017204D /* Spinning.swift */,
				6109CC912FF089FE009AEF65 /* OptionalImage.swift */,
				6109CC862FEC8850009AEF65 /* EmojiArtApp.swift */,
				6109CC8F2FEC8D1A009AEF65 /* EmojiArtExtentions.swift */,
				614FDAB42FF0991D0017204D /* AnimatableSystemFontModifier.swift */,
				614FDABA2FF0D23E0017204D /* EmojiArtDocumentPalette.swift */,
				610C9C962FF46171006E5A51 /* Grid.swift */,
				610C9C972FF46171006E5A51 /* GridLayout.swift */,
				610C9C9C2FF478C8006E5A51 /* EditableText.swift */,
			);
			path = EmojiArt;
			sourceTree = "<group>";
		};
/* End PBXGroup section */

/* Begin PBXNativeTarget section */
		6109CC592FEB35EC009AEF65 /* EmojiArt */ = {
			isa = PBXNativeTarget;
			buildConfigurationList = 6109CC652FEB35ED009AEF65 /* Build configuration list for PBXNativeTarget "EmojiArt" */;
			buildPhases = (
				6109CC562FEB35EC009AEF65 /* Sources */,
				6109CC572FEB35EC009AEF65 /* Frameworks */,
				6109CC582FEB35EC009AEF65 /* Resources */,
			);
			buildRules = (
			);
			dependencies = (
			);
			name = EmojiArt;
			packageProductDependencies = (
			);
			productName = EmojiArt;
			productReference = 6109CC5A2FEB35EC009AEF65 /* EmojiArt.app */;
			productType = "com.apple.product-type.application";
		};
/* End PBXNativeTarget section */

/* Begin PBXProject section */
		6109CC522FEB35EC009AEF65 /* Project object */ = {
			isa = PBXProject;
			attributes = {
				BuildIndependentTargetsInParallel = 1;
				LastSwiftUpdateCheck = 2650;
				LastUpgradeCheck = 2650;
				TargetAttributes = {
					6109CC592FEB35EC009AEF65 = {
						CreatedOnToolsVersion = 26.5;
					};
				};
			};
			buildConfigurationList = 6109CC552FEB35EC009AEF65 /* Build configuration list for PBXProject "EmojiArt" */;
			developmentRegion = en;
			hasScannedForEncodings = 0;
			knownRegions = (
				en,
				Base,
			);
			mainGroup = 6109CC512FEB35EC009AEF65;
			minimizedProjectReferenceProxies = 1;
			preferredProjectObjectVersion = 77;
			productRefGroup = 6109CC5B2FEB35EC009AEF65 /* Products */;
			projectDirPath = "";
			projectRoot = "";
			targets = (
				6109CC592FEB35EC009AEF65 /* EmojiArt */,
			);
		};
/* End PBXProject section */

/* Begin PBXResourcesBuildPhase section */
		6109CC582FEB35EC009AEF65 /* Resources */ = {
			isa = PBXResourcesBuildPhase;
			buildActionMask = 2147483647;
			files = (
				6109CC8A2FEC8850009AEF65 /* Assets.xcassets in Resources */,
			);
			runOnlyForDeploymentPostprocessing = 0;
		};
/* End PBXResourcesBuildPhase section */

/* Begin PBXSourcesBuildPhase section */
		6109CC562FEB35EC009AEF65 /* Sources */ = {
			isa = PBXSourcesBuildPhase;
			buildActionMask = 2147483647;
			files = (
				614FDAB52FF0991D0017204D /* AnimatableSystemFontModifier.swift in Sources */,
				6109CC8B2FEC8850009AEF65 /* EmojiArt.swift in Sources */,
				6109CC922FF089FE009AEF65 /* OptionalImage.swift in Sources */,
				6109CC8C2FEC8850009AEF65 /* EmojiArtApp.swift in Sources */,
				6109CC8D2FEC8850009AEF65 /* EmojiArtDocument.swift in Sources */,
				614FDABB2FF0D23E0017204D /* EmojiArtDocumentPalette.swift in Sources */,
				610C9C982FF46171006E5A51 /* Grid.swift in Sources */,
				610C9C992FF46171006E5A51 /* GridLayout.swift in Sources */,
				6109CC902FEC8D1A009AEF65 /* EmojiArtExtentions.swift in Sources */,
				610C9C9B2FF47894006E5A51 /* EmojiArtDocumentStore.swift in Sources */,
				610C9C9D2FF478C8006E5A51 /* EditableText.swift in Sources */,
				610C9C9F2FF47F67006E5A51 /* EmojiArtDocumentChooser.swift in Sources */,
				6109CC8E2FEC8850009AEF65 /* EmojiArtDocumentView.swift in Sources */,
				614FDAB72FF0B68F0017204D /* Spinning.swift in Sources */,
				614FDAB92FF0CE3A0017204D /* PaletteChooser.swift in Sources */,
			);
			runOnlyForDeploymentPostprocessing = 0;
		};
/* End PBXSourcesBuildPhase section */

/* Begin XCBuildConfiguration section */
		6109CC632FEB35ED009AEF65 /* Debug */ = {
			isa = XCBuildConfiguration;
			buildSettings = {
				ALWAYS_SEARCH_USER_PATHS = NO;
				ASSETCATALOG_COMPILER_GENERATE_SWIFT_ASSET_SYMBOL_EXTENSIONS = YES;
				CLANG_ANALYZER_NONNULL = YES;
				CLANG_ANALYZER_NUMBER_OBJECT_CONVERSION = YES_AGGRESSIVE;
				CLANG_CXX_LANGUAGE_STANDARD = "gnu++20";
				CLANG_ENABLE_MODULES = YES;
				CLANG_ENABLE_OBJC_ARC = YES;
				CLANG_ENABLE_OBJC_WEAK = YES;
				CLANG_WARN_BLOCK_CAPTURE_AUTORELEASING = YES;
				CLANG_WARN_BOOL_CONVERSION = YES;
				CLANG_WARN_COMMA = YES;
				CLANG_WARN_CONSTANT_CONVERSION = YES;
				CLANG_WARN_DEPRECATED_OBJC_IMPLEMENTATIONS = YES;
				CLANG_WARN_DIRECT_OBJC_ISA_USAGE = YES_ERROR;
				CLANG_WARN_DOCUMENTATION_COMMENTS = YES;
				CLANG_WARN_EMPTY_BODY = YES;
				CLANG_WARN_ENUM_CONVERSION = YES;
				CLANG_WARN_INFINITE_RECURSION = YES;
				CLANG_WARN_INT_CONVERSION = YES;
				CLANG_WARN_NON_LITERAL_NULL_CONVERSION = YES;
				CLANG_WARN_OBJC_IMPLICIT_RETAIN_SELF = YES;
				CLANG_WARN_OBJC_LITERAL_CONVERSION = YES;
				CLANG_WARN_OBJC_ROOT_CLASS = YES_ERROR;
				CLANG_WARN_QUOTED_INCLUDE_IN_FRAMEWORK_HEADER = YES;
				CLANG_WARN_RANGE_LOOP_ANALYSIS = YES;
				CLANG_WARN_STRICT_PROTOTYPES = YES;
				CLANG_WARN_SUSPICIOUS_MOVE = YES;
				CLANG_WARN_UNGUARDED_AVAILABILITY = YES_AGGRESSIVE;
				CLANG_WARN_UNREACHABLE_CODE = YES;
				CLANG_WARN__DUPLICATE_METHOD_MATCH = YES;
				COPY_PHASE_STRIP = NO;
				DEBUG_INFORMATION_FORMAT = dwarf;
				DEVELOPMENT_TEAM = SAM93DC5JF;
				ENABLE_STRICT_OBJC_MSGSEND = YES;
				ENABLE_TESTABILITY = YES;
				ENABLE_USER_SCRIPT_SANDBOXING = YES;
				GCC_C_LANGUAGE_STANDARD = gnu17;
				GCC_DYNAMIC_NO_PIC = NO;
				GCC_NO_COMMON_BLOCKS = YES;
				GCC_OPTIMIZATION_LEVEL = 0;
				GCC_PREPROCESSOR_DEFINITIONS = (
					"DEBUG=1",
					"$(inherited)",
				);
				GCC_WARN_64_TO_32_BIT_CONVERSION = YES;
				GCC_WARN_ABOUT_RETURN_TYPE = YES_ERROR;
				GCC_WARN_UNDECLARED_SELECTOR = YES;
				GCC_WARN_UNINITIALIZED_AUTOS = YES_AGGRESSIVE;
				GCC_WARN_UNUSED_FUNCTION = YES;
				GCC_WARN_UNUSED_VARIABLE = YES;
				IPHONEOS_DEPLOYMENT_TARGET = 26.5;
				LOCALIZATION_PREFERS_STRING_CATALOGS = YES;
				MTL_ENABLE_DEBUG_INFO = INCLUDE_SOURCE;
				MTL_FAST_MATH = YES;
				ONLY_ACTIVE_ARCH = YES;
				SDKROOT = iphoneos;
				SWIFT_ACTIVE_COMPILATION_CONDITIONS = "DEBUG $(inherited)";
				SWIFT_OPTIMIZATION_LEVEL = "-Onone";
			};
			name = Debug;
		};
		6109CC642FEB35ED009AEF65 /* Release */ = {
			isa = XCBuildConfiguration;
			buildSettings = {
				ALWAYS_SEARCH_USER_PATHS = NO;
				ASSETCATALOG_COMPILER_GENERATE_SWIFT_ASSET_SYMBOL_EXTENSIONS = YES;
				CLANG_ANALYZER_NONNULL = YES;
				CLANG_ANALYZER_NUMBER_OBJECT_CONVERSION = YES_AGGRESSIVE;
				CLANG_CXX_LANGUAGE_STANDARD = "gnu++20";
				CLANG_ENABLE_MODULES = YES;
				CLANG_ENABLE_OBJC_ARC = YES;
				CLANG_ENABLE_OBJC_WEAK = YES;
				CLANG_WARN_BLOCK_CAPTURE_AUTORELEASING = YES;
				CLANG_WARN_BOOL_CONVERSION = YES;
				CLANG_WARN_COMMA = YES;
				CLANG_WARN_CONSTANT_CONVERSION = YES;
				CLANG_WARN_DEPRECATED_OBJC_IMPLEMENTATIONS = YES;
				CLANG_WARN_DIRECT_OBJC_ISA_USAGE = YES_ERROR;
				CLANG_WARN_DOCUMENTATION_COMMENTS = YES;
				CLANG_WARN_EMPTY_BODY = YES;
				CLANG_WARN_ENUM_CONVERSION = YES;
				CLANG_WARN_INFINITE_RECURSION = YES;
				CLANG_WARN_INT_CONVERSION = YES;
				CLANG_WARN_NON_LITERAL_NULL_CONVERSION = YES;
				CLANG_WARN_OBJC_IMPLICIT_RETAIN_SELF = YES;
				CLANG_WARN_OBJC_LITERAL_CONVERSION = YES;
				CLANG_WARN_OBJC_ROOT_CLASS = YES_ERROR;
				CLANG_WARN_QUOTED_INCLUDE_IN_FRAMEWORK_HEADER = YES;
				CLANG_WARN_RANGE_LOOP_ANALYSIS = YES;
				CLANG_WARN_STRICT_PROTOTYPES = YES;
				CLANG_WARN_SUSPICIOUS_MOVE = YES;
				CLANG_WARN_UNGUARDED_AVAILABILITY = YES_AGGRESSIVE;
				CLANG_WARN_UNREACHABLE_CODE = YES;
				CLANG_WARN__DUPLICATE_METHOD_MATCH = YES;
				COPY_PHASE_STRIP = NO;
				DEBUG_INFORMATION_FORMAT = "dwarf-with-dsym";
				DEVELOPMENT_TEAM = SAM93DC5JF;
				ENABLE_NS_ASSERTIONS = NO;
				ENABLE_STRICT_OBJC_MSGSEND = YES;
				ENABLE_USER_SCRIPT_SANDBOXING = YES;
				GCC_C_LANGUAGE_STANDARD = gnu17;
				GCC_NO_COMMON_BLOCKS = YES;
				GCC_WARN_64_TO_32_BIT_CONVERSION = YES;
				GCC_WARN_ABOUT_RETURN_TYPE = YES_ERROR;
				GCC_WARN_UNDECLARED_SELECTOR = YES;
				GCC_WARN_UNINITIALIZED_AUTOS = YES_AGGRESSIVE;
				GCC_WARN_UNUSED_FUNCTION = YES;
				GCC_WARN_UNUSED_VARIABLE = YES;
				IPHONEOS_DEPLOYMENT_TARGET = 26.5;
				LOCALIZATION_PREFERS_STRING_CATALOGS = YES;
				MTL_ENABLE_DEBUG_INFO = NO;
				MTL_FAST_MATH = YES;
				SDKROOT = iphoneos;
				SWIFT_COMPILATION_MODE = wholemodule;
				VALIDATE_PRODUCT = YES;
			};
			name = Release;
		};
		6109CC662FEB35ED009AEF65 /* Debug */ = {
			isa = XCBuildConfiguration;
			buildSettings = {
				ASSETCATALOG_COMPILER_APPICON_NAME = AppIcon;
				ASSETCATALOG_COMPILER_GLOBAL_ACCENT_COLOR_NAME = AccentColor;
				CODE_SIGN_STYLE = Automatic;
				CURRENT_PROJECT_VERSION = 1;
				DEVELOPMENT_TEAM = SAM93DC5JF;
				ENABLE_PREVIEWS = YES;
				GENERATE_INFOPLIST_FILE = YES;
				INFOPLIST_KEY_UIApplicationSceneManifest_Generation = YES;
				INFOPLIST_KEY_UIApplicationSupportsIndirectInputEvents = YES;
				INFOPLIST_KEY_UILaunchScreen_Generation = YES;
				INFOPLIST_KEY_UISupportedInterfaceOrientations_iPad = "UIInterfaceOrientationPortrait UIInterfaceOrientationPortraitUpsideDown UIInterfaceOrientationLandscapeLeft UIInterfaceOrientationLandscapeRight";
				INFOPLIST_KEY_UISupportedInterfaceOrientations_iPhone = "UIInterfaceOrientationPortrait UIInterfaceOrientationLandscapeLeft UIInterfaceOrientationLandscapeRight";
				LD_RUNPATH_SEARCH_PATHS = (
					"$(inherited)",
					"@executable_path/Frameworks",
				);
				MARKETING_VERSION = 1.0;
				PRODUCT_BUNDLE_IDENTIFIER = pl.mkrukowski.EmojiArt;
				PRODUCT_NAME = "$(TARGET_NAME)";
				STRING_CATALOG_GENERATE_SYMBOLS = YES;
				SWIFT_APPROACHABLE_CONCURRENCY = YES;
				SWIFT_DEFAULT_ACTOR_ISOLATION = MainActor;
				SWIFT_EMIT_LOC_STRINGS = YES;
				SWIFT_UPCOMING_FEATURE_MEMBER_IMPORT_VISIBILITY = YES;
				SWIFT_VERSION = 5.0;
				TARGETED_DEVICE_FAMILY = "1,2";
			};
			name = Debug;
		};
		6109CC672FEB35ED009AEF65 /* Release */ = {
			isa = XCBuildConfiguration;
			buildSettings = {
				ASSETCATALOG_COMPILER_APPICON_NAME = AppIcon;
				ASSETCATALOG_COMPILER_GLOBAL_ACCENT_COLOR_NAME = AccentColor;
				CODE_SIGN_STYLE = Automatic;
				CURRENT_PROJECT_VERSION = 1;
				DEVELOPMENT_TEAM = SAM93DC5JF;
				ENABLE_PREVIEWS = YES;
				GENERATE_INFOPLIST_FILE = YES;
				INFOPLIST_KEY_UIApplicationSceneManifest_Generation = YES;
				INFOPLIST_KEY_UIApplicationSupportsIndirectInputEvents = YES;
				INFOPLIST_KEY_UILaunchScreen_Generation = YES;
				INFOPLIST_KEY_UISupportedInterfaceOrientations_iPad = "UIInterfaceOrientationPortrait UIInterfaceOrientationPortraitUpsideDown UIInterfaceOrientationLandscapeLeft UIInterfaceOrientationLandscapeRight";
				INFOPLIST_KEY_UISupportedInterfaceOrientations_iPhone = "UIInterfaceOrientationPortrait UIInterfaceOrientationLandscapeLeft UIInterfaceOrientationLandscapeRight";
				LD_RUNPATH_SEARCH_PATHS = (
					"$(inherited)",
					"@executable_path/Frameworks",
				);
				MARKETING_VERSION = 1.0;
				PRODUCT_BUNDLE_IDENTIFIER = pl.mkrukowski.EmojiArt;
				PRODUCT_NAME = "$(TARGET_NAME)";
				STRING_CATALOG_GENERATE_SYMBOLS = YES;
				SWIFT_APPROACHABLE_CONCURRENCY = YES;
				SWIFT_DEFAULT_ACTOR_ISOLATION = MainActor;
				SWIFT_EMIT_LOC_STRINGS = YES;
				SWIFT_UPCOMING_FEATURE_MEMBER_IMPORT_VISIBILITY = YES;
				SWIFT_VERSION = 5.0;
				TARGETED_DEVICE_FAMILY = "1,2";
			};
			name = Release;
		};
/* End XCBuildConfiguration section */

/* Begin XCConfigurationList section */
		6109CC552FEB35EC009AEF65 /* Build configuration list for PBXProject "EmojiArt" */ = {
			isa = XCConfigurationList;
			buildConfigurations = (
				6109CC632FEB35ED009AEF65 /* Debug */,
				6109CC642FEB35ED009AEF65 /* Release */,
			);
			defaultConfigurationIsVisible = 0;
			defaultConfigurationName = Release;
		};
		6109CC652FEB35ED009AEF65 /* Build configuration list for PBXNativeTarget "EmojiArt" */ = {
			isa = XCConfigurationList;
			buildConfigurations = (
				6109CC662FEB35ED009AEF65 /* Debug */,
				6109CC672FEB35ED009AEF65 /* Release */,
			);
			defaultConfigurationIsVisible = 0;
			defaultConfigurationName = Release;
		};
/* End XCConfigurationList section */
	};
	rootObject = 6109CC522FEB35EC009AEF65 /* Project object */;
}
